# This file is automatically @generated by Cargo.
# It is not intended for manual editing.
version = 4

[[package]]
name = "aead"
version = "0.5.2"
source = "registry+https://github.com/rust-lang/crates.io-index"
checksum = "d122413f284cf2d62fb1b7db97e02edb8cda96d769b16e443a4f6195e35662b0"
dependencies = [
 "crypto-common",
 "generic-array",
]

[[package]]
name = "aes"
version = "0.8.4"
source = "registry+https://github.com/rust-lang/crates.io-index"
checksum = "b169f7a6d4742236a0a00c541b845991d0ac43e546831af1249753ab4c3aa3a0"
dependencies = [
 "cfg-if",
 "cipher",
 "cpufeatures",
]

[[package]]
name = "aes-gcm"
version = "0.10.3"
source = "registry+https://github.com/rust-lang/crates.io-index"
checksum = "831010a0f742e1209b3bcea8fab6a8e149051ba6099432c8cb2cc117dec3ead1"
dependencies = [
 "aead",
 "aes",
 "cipher",
 "ctr",
 "ghash",
 "subtle",
]

[[package]]
name = "argon2"
version = "0.5.3"
source = "registry+https://github.com/rust-lang/crates.io-index"
checksum = "3c3610892ee6e0cbce8ae2700349fcf8f98adb0dbfbee85aec3c9179d29cc072"
dependencies = [
 "base64ct",
 "blake2",
 "cpufeatures",
 "password-hash",
 "zeroize",
]

[[package]]
name = "async-broadcast"
version = "0.7.2"
source = "registry+https://github.com/rust-lang/crates.io-index"
checksum = "435a87a52755b8f27fcf321ac4f04b2802e337c8c4872923137471ec39c37532"
dependencies = [
 "event-listener",
 "event-listener-strategy",
 "futures-core",
 "pin-project-lite",
]

[[package]]
name = "async-channel"
version = "2.5.0"
source = "registry+https://github.com/rust-lang/crates.io-index"
checksum = "924ed96dd52d1b75e9c1a3e6275715fd320f5f9439fb5a4a11fa51f4221158d2"
dependencies = [
 "concurrent-queue",
 "event-listener-strategy",
 "futures-core",
 "pin-project-lite",
]

[[package]]
name = "async-executor"
version = "1.14.0"
source = "registry+https://github.com/rust-lang/crates.io-index"
checksum = "c96bf972d85afc50bf5ab8fe2d54d1586b4e0b46c97c50a0c9e71e2f7bcd812a"
dependencies = [
 "async-task",
 "concurrent-queue",
 "fastrand",
 "futures-lite",
 "pin-project-lite",
 "slab",
]

[[package]]
name = "async-io"
version = "2.6.0"
source = "registry+https://github.com/rust-lang/crates.io-index"
checksum = "456b8a8feb6f42d237746d4b3e9a178494627745c3c56c6ea55d92ba50d026fc"
dependencies = [
 "autocfg",
 "cfg-if",
 "concurrent-queue",
 "futures-io",
 "futures-lite",
 "parking",
 "polling",
 "rustix",
 "slab",
 "windows-sys",
]

[[package]]
name = "async-lock"
version = "3.4.2"
source = "registry+https://github.com/rust-lang/crates.io-index"
checksum = "290f7f2596bd5b78a9fec8088ccd89180d7f9f55b94b0576823bbbdc72ee8311"
dependencies = [
 "event-listener",
 "event-listener-strategy",
 "pin-project-lite",
]

[[package]]
name = "async-process"
version = "2.5.0"
source = "registry+https://github.com/rust-lang/crates.io-index"
checksum = "fc50921ec0055cdd8a16de48773bfeec5c972598674347252c0399676be7da75"
dependencies = [
 "async-channel",
 "async-io",
 "async-lock",
 "async-signal",
 "async-task",
 "blocking",
 "cfg-if",
 "event-listener",
 "futures-lite",
 "rustix",
]

[[package]]
name = "async-recursion"
version = "1.2.0"
source = "registry+https://github.com/rust-lang/crates.io-index"
checksum = "4f8abc12baad266b1c8cec146854c195b5864b4221d4b2ca7296a7ae82d9e451"
dependencies = [
 "proc-macro2",
 "quote",
 "syn 3.0.6",
]

[[package]]
name = "async-signal"
version = "0.2.14"
source = "registry+https://github.com/rust-lang/crates.io-index"
checksum = "52b5aaafa020cf5053a01f2a60e8ff5dccf550f0f77ec54a4e47285ac2bab485"
dependencies = [
 "async-io",
 "async-lock",
 "atomic-waker",
 "cfg-if",
 "futures-core",
 "futures-io",
 "rustix",
 "signal-hook-registry",
 "slab",
 "windows-sys",
]

[[package]]
name = "async-task"
version = "4.7.1"
source = "registry+https://github.com/rust-lang/crates.io-index"
checksum = "8b75356056920673b02621b35afd0f7dda9306d03c79a30f5c56c44cf256e3de"

[[package]]
name = "async-trait"
version = "0.1.92"
source = "registry+https://github.com/rust-lang/crates.io-index"
checksum = "82f6aeea286b8eb4dd3431a1be1b59d290ace00f5bfd8e2a159bc2a05e2c1667"
dependencies = [
 "proc-macro2",
 "quote",
 "syn 3.0.6",
]

[[package]]
name = "atomic-waker"
version = "1.1.2"
source = "registry+https://github.com/rust-lang/crates.io-index"
checksum = "1505bd5d3d116872e7271a6d4e16d81d0c8570876c8de68093a09ac269d8aac0"

[[package]]
name = "autocfg"
version = "1.5.1"
source = "registry+https://github.com/rust-lang/crates.io-index"
checksum = "f2032f911046de80f0a198e0901378627c33f59ea0ac00e363d481118bd70a53"

[[package]]
name = "base64ct"
version = "1.8.3"
source = "registry+https://github.com/rust-lang/crates.io-index"
checksum = "2af50177e190e07a26ab74f8b1efbfe2ef87da2116221318cb1c2e82baf7de06"

[[package]]
name = "bitflags"
version = "2.13.2"
source = "registry+https://github.com/rust-lang/crates.io-index"
checksum = "3ded4057c258ba199e2d26386d3af3780957ecaee6c4ef4041c6b4b8b97c0b06"

[[package]]
name = "blake2"
version = "0.10.6"
source = "registry+https://github.com/rust-lang/crates.io-index"
checksum = "46502ad458c9a52b69d4d4d32775c788b7a1b85e8bc9d482d92250fc0e3f8efe"
dependencies = [
 "digest",
]

[[package]]
name = "block-buffer"
version = "0.10.4"
source = "registry+https://github.com/rust-lang/crates.io-index"
checksum = "3078c7629b62d3f0439517fa394996acacc5cbc91c5a20d8c658e77abd503a71"
dependencies = [
 "generic-array",
]

[[package]]
name = "blocking"
version = "1.7.0"
source = "registry+https://github.com/rust-lang/crates.io-index"
checksum = "a70e4329df6cb94385eed412ec92375c3cdd8a6e502493d1229b6414e4036dfa"
dependencies = [
 "async-channel",
 "async-task",
 "futures-io",
 "futures-lite",
 "piper",
]

[[package]]
name = "bstr"
version = "1.13.1"
source = "registry+https://github.com/rust-lang/crates.io-index"
checksum = "6bb31b46c14244e20ee9984b11bf5c992b91fb6939fea616e3512c8baecdbe5f"
dependencies = [
 "memchr",
 "serde_core",
]

[[package]]
name = "bumpalo"
version = "3.20.3"
source = "registry+https://github.com/rust-lang/crates.io-index"
checksum = "72f5acc6cb2ba439de613abc23857ec3d78374d8ed5ac84e9d11336e87da8649"

[[package]]
name = "cfg-if"
version = "1.0.5"
source = "registry+https://github.com/rust-lang/crates.io-index"
checksum = "4e7648175b45a9a48536d676f68d918270699102aa8dab5496df06904c914600"

[[package]]
name = "chacha20"
version = "0.9.1"
source = "registry+https://github.com/rust-lang/crates.io-index"
checksum = "c3613f74bd2eac03dad61bd53dbe620703d4371614fe0bc3b9f04dd36fe4e818"
dependencies = [
 "cfg-if",
 "cipher",
 "cpufeatures",
]

[[package]]
name = "chacha20poly1305"
version = "0.10.1"
source = "registry+https://github.com/rust-lang/crates.io-index"
checksum = "10cd79432192d1c0f4e1a0fef9527696cc039165d729fb41b3f4f4f354c2dc35"
dependencies = [
 "aead",
 "chacha20",
 "cipher",
 "poly1305",
 "zeroize",
]

[[package]]
name = "cipher"
version = "0.4.4"
source = "registry+https://github.com/rust-lang/crates.io-index"
checksum = "773f3b9af64447d2ce9850330c473515014aa235e6a783b02db81ff39e4a3dad"
dependencies = [
 "crypto-common",
 "inout",
 "zeroize",
]

[[package]]
name = "cobs"
version = "0.3.0"
source = "registry+https://github.com/rust-lang/crates.io-index"
checksum = "0fa961b519f0b462e3a3b4a34b64d119eeaca1d59af726fe450bbba07a9fc0a1"
dependencies = [
 "thiserror",
]

[[package]]
name = "concurrent-queue"
version = "2.5.0"
source = "registry+https://github.com/rust-lang/crates.io-index"
checksum = "4ca0197aee26d1ae37445ee532fefce43251d24cc7c166799f4d46817f1d3973"
dependencies = [
 "crossbeam-utils",
]

[[package]]
name = "const-oid"
version = "0.9.6"
source = "registry+https://github.com/rust-lang/crates.io-index"
checksum = "c2459377285ad874054d797f3ccebf984978aa39129f6eafde5cdc8315b612f8"

[[package]]
name = "cpufeatures"
version = "0.2.17"
source = "registry+https://github.com/rust-lang/crates.io-index"
checksum = "59ed5838eebb26a2bb2e58f6d5b5316989ae9d08bab10e0e6d103e656d1b0280"
dependencies = [
 "libc",
]

[[package]]
name = "crossbeam-utils"
version = "0.8.23"
source = "registry+https://github.com/rust-lang/crates.io-index"
checksum = "a31eee39dddec8330830986fcd7625edb5a24ec90ea038215273bbc3adb08ac6"

[[package]]
name = "crypto-common"
version = "0.1.7"
source = "registry+https://github.com/rust-lang/crates.io-index"
checksum = "78c8292055d1c1df0cce5d180393dc8cce0abec0a7102adb6c7b1eef6016d60a"
dependencies = [
 "generic-array",
 "rand_core 0.6.4",
 "typenum",
]

[[package]]
name = "crypto_box"
version = "0.9.1"
source = "registry+https://github.com/rust-lang/crates.io-index"
checksum = "16182b4f39a82ec8a6851155cc4c0cda3065bb1db33651726a29e1951de0f009"
dependencies = [
 "aead",
 "blake2",
 "crypto_secretbox",
 "curve25519-dalek",
 "salsa20",
 "subtle",
 "zeroize",
]

[[package]]
name = "crypto_secretbox"
version = "0.1.1"
source = "registry+https://github.com/rust-lang/crates.io-index"
checksum = "b9d6cf87adf719ddf43a805e92c6870a531aedda35ff640442cbaf8674e141e1"
dependencies = [
 "aead",
 "cipher",
 "generic-array",
 "poly1305",
 "salsa20",
 "subtle",
 "zeroize",
]

[[package]]
name = "ctr"
version = "0.9.2"
source = "registry+https://github.com/rust-lang/crates.io-index"
checksum = "0369ee1ad671834580515889b80f2ea915f23b8be8d0daa4bbaf2ac5c7590835"
dependencies = [
 "cipher",
]

[[package]]
name = "curve25519-dalek"
version = "4.1.3"
source = "registry+https://github.com/rust-lang/crates.io-index"
checksum = "97fb8b7c4503de7d6ae7b42ab72a5a59857b4c937ec27a3d4539dba95b5ab2be"
dependencies = [
 "cfg-if",
 "cpufeatures",
 "curve25519-dalek-derive",
 "digest",
 "fiat-crypto",
 "rustc_version",
 "subtle",
 "zeroize",
]

[[package]]
name = "curve25519-dalek-derive"
version = "0.1.1"
source = "registry+https://github.com/rust-lang/crates.io-index"
checksum = "f46882e17999c6cc590af592290432be3bce0428cb0d5f8b6715e4dc7b383eb3"
dependencies = [
 "proc-macro2",
 "quote",
 "syn 2.0.119",
]

[[package]]
name = "der"
version = "0.7.10"
source = "registry+https://github.com/rust-lang/crates.io-index"
checksum = "e7c1832837b905bbfb5101e07cc24c8deddf52f93225eee6ead5f4d63d53ddcb"
dependencies = [
 "const-oid",
 "zeroize",
]

[[package]]
name = "digest"
version = "0.10.7"
source = "registry+https://github.com/rust-lang/crates.io-index"
checksum = "9ed9a281f7bc9b7576e61468ba615a66a5c8cfdff42420a70aa82701a3b1e292"
dependencies = [
 "block-buffer",
 "crypto-common",
 "subtle",
]

[[package]]
name = "dirs"
version = "6.0.0"
source = "registry+https://github.com/rust-lang/crates.io-index"
checksum = "c3e8aa94d75141228480295a7d0e7feb620b1a5ad9f12bc40be62411e38cce4e"
dependencies = [
 "dirs-sys",
]

[[package]]
name = "dirs-sys"
version = "0.5.0"
source = "registry+https://github.com/rust-lang/crates.io-index"
checksum = "e01a3366d27ee9890022452ee61b2b63a67e6f13f58900b651ff5665f0bb1fab"
dependencies = [
 "libc",
 "option-ext",
 "redox_users",
 "windows-sys",
]

[[package]]
name = "dunce"
version = "1.0.5"
source = "registry+https://github.com/rust-lang/crates.io-index"
checksum = "92773504d58c093f6de2459af4af33faa518c13451eb8f2b5698ed3d36e7c813"

[[package]]
name = "ed25519"
version = "2.2.3"
source = "registry+https://github.com/rust-lang/crates.io-index"
checksum = "115531babc129696a58c64a4fef0a8bf9e9698629fb97e9e40767d235cfbcd53"
dependencies = [
 "pkcs8",
 "signature",
]

[[package]]
name = "ed25519-dalek"
version = "2.2.0"
source = "registry+https://github.com/rust-lang/crates.io-index"
checksum = "70e796c081cee67dc755e1a36a0a172b897fab85fc3f6bc48307991f64e4eca9"
dependencies = [
 "curve25519-dalek",
 "ed25519",
 "serde",
 "sha2",
 "subtle",
 "zeroize",
]

[[package]]
name = "embedded-io"
version = "0.4.0"
source = "registry+https://github.com/rust-lang/crates.io-index"
checksum = "ef1a6892d9eef45c8fa6b9e0086428a2cca8491aca8f787c534a3d6d0bcb3ced"

[[package]]
name = "embedded-io"
version = "0.6.1"
source = "registry+https://github.com/rust-lang/crates.io-index"
checksum = "edd0f118536f44f5ccd48bcb8b111bdc3de888b58c74639dfb034a357d0f206d"

[[package]]
name = "endi"
version = "1.1.1"
source = "registry+https://github.com/rust-lang/crates.io-index"
checksum = "66b7e2430c6dff6a955451e2cfc438f09cea1965a9d6f87f7e3b90decc014099"

[[package]]
name = "enumflags2"
version = "0.7.12"
source = "registry+https://github.com/rust-lang/crates.io-index"
checksum = "1027f7680c853e056ebcec683615fb6fbbc07dbaa13b4d5d9442b146ded4ecef"
dependencies = [
 "enumflags2_derive",
 "serde",
]

[[package]]
name = "enumflags2_derive"
version = "0.7.12"
source = "registry+https://github.com/rust-lang/crates.io-index"
checksum = "67c78a4d8fdf9953a5c9d458f9efe940fd97a0cab0941c075a813ac594733827"
dependencies = [
 "proc-macro2",
 "quote",
 "syn 2.0.119",
]

[[package]]
name = "equivalent"
version = "1.0.2"
source = "registry+https://github.com/rust-lang/crates.io-index"
checksum = "877a4ace8713b0bcf2a4e7eec82529c029f1d0619886d18145fea96c3ffe5c0f"

[[package]]
name = "errno"
version = "0.3.14"
source = "registry+https://github.com/rust-lang/crates.io-index"
checksum = "39cab71617ae0d63f51a36d69f866391735b51691dbda63cf6f96d042b63efeb"
dependencies = [
 "libc",
 "windows-sys",
]

[[package]]
name = "event-listener"
version = "5.4.2"
source = "registry+https://github.com/rust-lang/crates.io-index"
checksum = "5a23add41df1562121a9393cb065eab5146a1242410f23a644851e90cfd669d2"
dependencies = [
 "parking",
 "pin-project-lite",
]

[[package]]
name = "event-listener-strategy"
version = "0.5.4"
source = "registry+https://github.com/rust-lang/crates.io-index"
checksum = "8be9f3dfaaffdae2972880079a491a1a8bb7cbed0b8dd7a347f668b4150a3b93"
dependencies = [
 "event-listener",
 "pin-project-lite",
]

[[package]]
name = "fastrand"
version = "2.5.0"
source = "registry+https://github.com/rust-lang/crates.io-index"
checksum = "da7c62ceae207dd37ea5b845da6a0696c799f85e97da1ab5b7910be3c1c80223"

[[package]]
name = "fiat-crypto"
version = "0.2.9"
source = "registry+https://github.com/rust-lang/crates.io-index"
checksum = "28dea519a9695b9977216879a3ebfddf92f1c08c05d984f8996aecd6ecdc811d"

[[package]]
name = "futures-core"
version = "0.3.34"
source = "registry+https://github.com/rust-lang/crates.io-index"
checksum = "92d699e522242e69e3003b94ecc1f960f3a5e015aa7c5d7486e65ad01dd94f5e"

[[package]]
name = "futures-io"
version = "0.3.34"
source = "registry+https://github.com/rust-lang/crates.io-index"
checksum = "53c0fa8157de1303bfffdaa1cc2a673bfffb60102f76b0ef4441659124373fed"

[[package]]
name = "futures-lite"
version = "2.6.1"
source = "registry+https://github.com/rust-lang/crates.io-index"
checksum = "f78e10609fe0e0b3f4157ffab1876319b5b0db102a2c60dc4626306dc46b44ad"
dependencies = [
 "fastrand",
 "futures-core",
 "futures-io",
 "parking",
 "pin-project-lite",
]

[[package]]
name = "futures-task"
version = "0.3.34"
source = "registry+https://github.com/rust-lang/crates.io-index"
checksum = "cd417de3d1d015fc3bfd2b1ea46dfc7bab72ef86f1cc7cc9c78e728b34a6d1fd"

[[package]]
name = "futures-util"
version = "0.3.34"
source = "registry+https://github.com/rust-lang/crates.io-index"
checksum = "0d50a92467f8ba5dd6e3ee5d4bd04d73ab2e4e1c44474a0674821dfce14b79bc"
dependencies = [
 "futures-core",
 "futures-task",
 "pin-project-lite",
 "slab",
]

[[package]]
name = "generic-array"
version = "0.14.7"
source = "registry+https://github.com/rust-lang/crates.io-index"
checksum = "85649ca51fd72272d7821adaf274ad91c288277713d9c18820d8499a7ff69e9a"
dependencies = [
 "typenum",
 "version_check",
 "zeroize",
]

[[package]]
name = "getrandom"
version = "0.2.17"
source = "registry+https://github.com/rust-lang/crates.io-index"
checksum = "ff2abc00be7fca6ebc474524697ae276ad847ad0a6b3faa4bcb027e9a4614ad0"
dependencies = [
 "cfg-if",
 "libc",
 "wasi",
]

[[package]]
name = "getrandom"
version = "0.3.4"
source = "registry+https://github.com/rust-lang/crates.io-index"
checksum = "899def5c37c4fd7b2664648c28120ecec138e4d395b459e5ca34f9cce2dd77fd"
dependencies = [
 "cfg-if",
 "libc",
 "r-efi 5.3.0",
 "wasip2",
]

[[package]]
name = "getrandom"
version = "0.4.3"
source = "registry+https://github.com/rust-lang/crates.io-index"
checksum = "300e883d756b2e4ec94e02791f39b04b522276138852cfc41d9fb7e904106099"
dependencies = [
 "cfg-if",
 "libc",
 "r-efi 6.0.0",
]

[[package]]
name = "ghash"
version = "0.5.1"
source = "registry+https://github.com/rust-lang/crates.io-index"
checksum = "f0d8a4362ccb29cb0b265253fb0a2728f592895ee6854fd9bc13f2ffda266ff1"
dependencies = [
 "opaque-debug",
 "polyval",
]

[[package]]
name = "hashbrown"
version = "0.17.1"
source = "registry+https://github.com/rust-lang/crates.io-index"
checksum = "ed5909b6e89a2db4456e54cd5f673791d7eca6732202bbf2a9cc504fe2f9b84a"

[[package]]
name = "hermit-abi"
version = "0.5.3"
source = "registry+https://github.com/rust-lang/crates.io-index"
checksum = "e17592d60ebacc7d5e169f4663c5f84f9161cc90328abcfe8456f41e4dfcb284"

[[package]]
name = "hex"
version = "0.4.3"
source = "registry+https://github.com/rust-lang/crates.io-index"
checksum = "7f24254aa9a54b5c858eaee2f5bccdb46aaf0e486a595ed5fd8f86ba55232a70"

[[package]]
name = "hkdf"
version = "0.12.4"
source = "registry+https://github.com/rust-lang/crates.io-index"
checksum = "7b5f8eb2ad728638ea2c7d47a21db23b7b58a72ed6a38256b8a1849f15fbbdf7"
dependencies = [
 "hmac",
]

[[package]]
name = "hmac"
version = "0.12.1"
source = "registry+https://github.com/rust-lang/crates.io-index"
checksum = "6c49c37c09c17a53d937dfbb742eb3a961d65a994e6bcdcf37e7399d0cc8ab5e"
dependencies = [
 "digest",
]

[[package]]
name = "hpke"
version = "0.13.0"
source = "registry+https://github.com/rust-lang/crates.io-index"
checksum = "f65d16b699dd1a1fa2d851c970b0c971b388eeeb40f744252b8de48860980c8f"
dependencies = [
 "aead",
 "aes-gcm",
 "chacha20poly1305",
 "digest",
 "generic-array",
 "hkdf",
 "hmac",
 "rand_core 0.9.5",
 "sha2",
 "subtle",
 "x25519-dalek",
 "zeroize",
]

[[package]]
name = "indexmap"
version = "2.14.2"
source = "registry+https://github.com/rust-lang/crates.io-index"
checksum = "cc4e190f5d26ca7051642629da2c52fc03bde85a03197c99408dcd291734c855"
dependencies = [
 "equivalent",
 "hashbrown",
]

[[package]]
name = "inout"
version = "0.1.4"
source = "registry+https://github.com/rust-lang/crates.io-index"
checksum = "879f10e63c20629ecabbb64a8010319738c66a5cd0c29b02d63d272b03751d01"
dependencies = [
 "generic-array",
]

[[package]]
name = "itoa"
version = "1.0.18"
source = "registry+https://github.com/rust-lang/crates.io-index"
checksum = "8f42a60cbdf9a97f5d2305f08a87dc4e09308d1276d28c869c684d7777685682"

[[package]]
name = "js-sys"
version = "0.3.106"
source = "registry+https://github.com/rust-lang/crates.io-index"
checksum = "7883d941dae510fb2d978fc3fe018c71c9e2892fd38854de3e8b92c2e5ad9cc5"
dependencies = [
 "cfg-if",
 "futures-util",
 "wasm-bindgen",
]

[[package]]
name = "libc"
version = "0.2.189"
source = "registry+https://github.com/rust-lang/crates.io-index"
checksum = "3eaf3ede3fee6db1a4c2ee091bf8a8b4dccdc6d17f656fb07896ee72867612f2"

[[package]]
name = "libredox"
version = "0.1.25"
source = "registry+https://github.com/rust-lang/crates.io-index"
checksum = "61ff90caf6077a803a240f62fdbe88645a890bbca49ef8174c3cb0404362171d"
dependencies = [
 "libc",
]

[[package]]
name = "linux-raw-sys"
version = "0.12.1"
source = "registry+https://github.com/rust-lang/crates.io-index"
checksum = "32a66949e030da00e8c7d4434b251670a91556f4144941d37452769c25d58a53"

[[package]]
name = "memchr"
version = "2.8.3"
source = "registry+https://github.com/rust-lang/crates.io-index"
checksum = "cf8baf1c55e62ffcace7a9f06f4bd9cd3f0c4beb022d3b367256b91b87513d98"

[[package]]
name = "memoffset"
version = "0.9.1"
source = "registry+https://github.com/rust-lang/crates.io-index"
checksum = "488016bfae457b036d996092f6cb448677611ce4449e970ceaf42695203f218a"
dependencies = [
 "autocfg",
]

[[package]]
name = "once_cell"
version = "1.21.4"
source = "registry+https://github.com/rust-lang/crates.io-index"
checksum = "9f7c3e4beb33f85d45ae3e3a1792185706c8e16d043238c593331cc7cd313b50"

[[package]]
name = "opaque-debug"
version = "0.3.1"
source = "registry+https://github.com/rust-lang/crates.io-index"
checksum = "c08d65885ee38876c4f86fa503fb49d7b507c2b62552df7c70b2fce627e06381"

[[package]]
name = "option-ext"
version = "0.2.0"
source = "registry+https://github.com/rust-lang/crates.io-index"
checksum = "04744f49eae99ab78e0d5c0b603ab218f515ea8cfe5a456d7629ad883a3b6e7d"

[[package]]
name = "ordered-stream"
version = "0.2.0"
source = "registry+https://github.com/rust-lang/crates.io-index"
checksum = "9aa2b01e1d916879f73a53d01d1d6cee68adbb31d6d9177a8cfce093cced1d50"
dependencies = [
 "futures-core",
 "pin-project-lite",
]

[[package]]
name = "parking"
version = "2.2.1"
source = "registry+https://github.com/rust-lang/crates.io-index"
checksum = "f38d5652c16fde515bb1ecef450ab0f6a219d619a7274976324d5e377f7dceba"

[[package]]
name = "password-hash"
version = "0.5.0"
source = "registry+https://github.com/rust-lang/crates.io-index"
checksum = "346f04948ba92c43e8469c1ee6736c7563d71012b17d40745260fe106aac2166"
dependencies = [
 "base64ct",
 "rand_core 0.6.4",
 "subtle",
]

[[package]]
name = "pin-project-lite"
version = "0.2.17"
source = "registry+https://github.com/rust-lang/crates.io-index"
checksum = "a89322df9ebe1c1578d689c92318e070967d1042b512afbe49518723f4e6d5cd"

[[package]]
name = "piper"
version = "0.2.5"
source = "registry+https://github.com/rust-lang/crates.io-index"
checksum = "c835479a4443ded371d6c535cbfd8d31ad92c5d23ae9770a61bc155e4992a3c1"
dependencies = [
 "atomic-waker",
 "fastrand",
 "futures-io",
]

[[package]]
name = "pkcs8"
version = "0.10.2"
source = "registry+https://github.com/rust-lang/crates.io-index"
checksum = "f950b2377845cebe5cf8b5165cb3cc1a5e0fa5cfa3e1f7f55707d8fd82e0a7b7"
dependencies = [
 "der",
 "spki",
]

[[package]]
name = "polling"
version = "3.11.0"
source = "registry+https://github.com/rust-lang/crates.io-index"
checksum = "5d0e4f59085d47d8241c88ead0f274e8a0cb551f3625263c05eb8dd897c34218"
dependencies = [
 "cfg-if",
 "concurrent-queue",
 "hermit-abi",
 "pin-project-lite",
 "rustix",
 "windows-sys",
]

[[package]]
name = "poly1305"
version = "0.8.0"
source = "registry+https://github.com/rust-lang/crates.io-index"
checksum = "8159bd90725d2df49889a078b54f4f79e87f1f8a8444194cdca81d38f5393abf"
dependencies = [
 "cpufeatures",
 "opaque-debug",
 "universal-hash",
]

[[package]]
name = "polyval"
version = "0.6.2"
source = "registry+https://github.com/rust-lang/crates.io-index"
checksum = "9d1fe60d06143b2430aa532c94cfe9e29783047f06c0d7fd359a9a51b729fa25"
dependencies = [
 "cfg-if",
 "cpufeatures",
 "opaque-debug",
 "universal-hash",
]

[[package]]
name = "postcard"
version = "1.1.3"
source = "registry+https://github.com/rust-lang/crates.io-index"
checksum = "6764c3b5dd454e283a30e6dfe78e9b31096d9e32036b5d1eaac7a6119ccb9a24"
dependencies = [
 "cobs",
 "embedded-io 0.4.0",
 "embedded-io 0.6.1",
 "serde",
]

[[package]]
name = "proc-macro-crate"
version = "3.5.0"
source = "registry+https://github.com/rust-lang/crates.io-index"
checksum = "e67ba7e9b2b56446f1d419b1d807906278ffa1a658a8a5d8a39dcb1f5a78614f"
dependencies = [
 "toml_edit 0.25.15+spec-1.1.0",
]

[[package]]
name = "proc-macro2"
version = "1.0.107"
source = "registry+https://github.com/rust-lang/crates.io-index"
checksum = "985e7ec9bb745e6ce6535b544d84d6cd6f7ad8bd711c398938ae983b91a766d9"
dependencies = [
 "unicode-ident",
]

[[package]]
name = "quote"
version = "1.0.47"
source = "registry+https://github.com/rust-lang/crates.io-index"
checksum = "1fbf4db142a473a8d80c26bbf18454ed458bf8d26c8219c331daecfdbd079001"
dependencies = [
 "proc-macro2",
]

[[package]]
name = "r-efi"
version = "5.3.0"
source = "registry+https://github.com/rust-lang/crates.io-index"
checksum = "69cdb34c158ceb288df11e18b4bd39de994f6657d83847bdffdbd7f346754b0f"

[[package]]
name = "r-efi"
version = "6.0.0"
source = "registry+https://github.com/rust-lang/crates.io-index"
checksum = "f8dcc9c7d52a811697d2151c701e0d08956f92b0e24136cf4cf27b57a6a0d9bf"

[[package]]
name = "rand_core"
version = "0.6.4"
source = "registry+https://github.com/rust-lang/crates.io-index"
checksum = "ec0be4795e2f6a28069bec0b5ff3e2ac9bafc99e6a9a7dc3547996c5c816922c"
dependencies = [
 "getrandom 0.2.17",
]

[[package]]
name = "rand_core"
version = "0.9.5"
source = "registry+https://github.com/rust-lang/crates.io-index"
checksum = "76afc826de14238e6e8c374ddcc1fa19e374fd8dd986b0d2af0d02377261d83c"
dependencies = [
 "getrandom 0.3.4",
]

[[package]]
name = "redox_users"
version = "0.5.3"
source = "registry+https://github.com/rust-lang/crates.io-index"
checksum = "60dc65c0ff1a7ae1294b0c67b9f14baf70b644404010370171787bfac1038fc0"
dependencies = [
 "libredox",
 "thiserror",
]

[[package]]
name = "rpassword"
version = "7.5.4"
source = "registry+https://github.com/rust-lang/crates.io-index"
checksum = "2da316a15f47e3d053de9cb2c439650bd8fa4aaeb9365f2e5f27f492ff73c196"
dependencies = [
 "libc",
 "rtoolbox",
 "windows-sys",
]

[[package]]
name = "rtoolbox"
version = "0.0.6"
source = "registry+https://github.com/rust-lang/crates.io-index"
checksum = "9a1efe12a1469752d0e6ff5ebec0b6ef4924cc5c4c71046b0ec730040535819d"
dependencies = [
 "libc",
 "windows-sys",
]

[[package]]
name = "rustc_version"
version = "0.4.1"
source = "registry+https://github.com/rust-lang/crates.io-index"
checksum = "cfcb3a22ef46e85b45de6ee7e79d063319ebb6594faafcf1c225ea92ab6e9b92"
dependencies = [
 "semver",
]

[[package]]
name = "rustix"
version = "1.1.5"
source = "registry+https://github.com/rust-lang/crates.io-index"
checksum = "891efababe418670775f199f0d233d84843c227a0949a883ce15b37c78d6629d"
dependencies = [
 "bitflags",
 "errno",
 "libc",
 "linux-raw-sys",
 "windows-sys",
]

[[package]]
name = "rustversion"
version = "1.0.23"
source = "registry+https://github.com/rust-lang/crates.io-index"
checksum = "cf54715a573b99ac80df0bc206da022bcd442c974952c7b9720069370852e21f"

[[package]]
name = "salsa20"
version = "0.10.2"
source = "registry+https://github.com/rust-lang/crates.io-index"
checksum = "97a22f5af31f73a954c10289c93e8a50cc23d971e80ee446f1f6f7137a088213"
dependencies = [
 "cipher",
]

[[package]]
name = "semver"
version = "1.0.28"
source = "registry+https://github.com/rust-lang/crates.io-index"
checksum = "8a7852d02fc848982e0c167ef163aaff9cd91dc640ba85e263cb1ce46fae51cd"

[[package]]
name = "serde"
version = "1.0.229"
source = "registry+https://github.com/rust-lang/crates.io-index"
checksum = "4148590afebada386688f18773da617792bf2ef03ffc1e4cbd2b1d45b023e0ba"
dependencies = [
 "serde_core",
 "serde_derive",
]

[[package]]
name = "serde_core"
version = "1.0.229"
source = "registry+https://github.com/rust-lang/crates.io-index"
checksum = "67dca2c9c51e58a4791a4b1ed58308b39c64224d349a935ab5039aa360942a48"
dependencies = [
 "serde_derive",
]

[[package]]
name = "serde_derive"
version = "1.0.229"
source = "registry+https://github.com/rust-lang/crates.io-index"
checksum = "e7a5d71263a5a7d47b41f6b3f06ba276f10cc18b0931f1799f710578e2309348"
dependencies = [
 "proc-macro2",
 "quote",
 "syn 3.0.6",
]

[[package]]
name = "serde_json"
version = "1.0.151"
source = "registry+https://github.com/rust-lang/crates.io-index"
checksum = "c841b55ecdae098c80dcae9cf767f6f8a0c2cdb3416bbef72181df4d0fe73f14"
dependencies = [
 "indexmap",
 "itoa",
 "memchr",
 "serde",
 "serde_core",
 "zmij",
]

[[package]]
name = "serde_repr"
version = "0.1.21"
source = "registry+https://github.com/rust-lang/crates.io-index"
checksum = "8d3b1629de253c70a0508c3899572da79ca359fdab27c7920ff00406df418906"
dependencies = [
 "proc-macro2",
 "quote",
 "syn 3.0.6",
]

[[package]]
name = "serde_spanned"
version = "0.6.9"
source = "registry+https://github.com/rust-lang/crates.io-index"
checksum = "bf41e0cfaf7226dca15e8197172c295a782857fcb97fad1808a166870dee75a3"
dependencies = [
 "serde",
]

[[package]]
name = "sha2"
version = "0.10.9"
source = "registry+https://github.com/rust-lang/crates.io-index"
checksum = "a7507d819769d01a365ab707794a4084392c824f54a7a6a7862f8c3d0892b283"
dependencies = [
 "cfg-if",
 "cpufeatures",
 "digest",
]

[[package]]
name = "signal-hook"
version = "0.3.18"
source = "registry+https://github.com/rust-lang/crates.io-index"
checksum = "d881a16cf4426aa584979d30bd82cb33429027e42122b169753d6ef1085ed6e2"
dependencies = [
 "libc",
 "signal-hook-registry",
]

[[package]]
name = "signal-hook-registry"
version = "1.4.8"
source = "registry+https://github.com/rust-lang/crates.io-index"
checksum = "c4db69cba1110affc0e9f7bcd48bbf87b3f4fc7c61fc9155afd4c469eb3d6c1b"
dependencies = [
 "errno",
 "libc",
]

[[package]]
name = "signature"
version = "2.2.0"
source = "registry+https://github.com/rust-lang/crates.io-index"
checksum = "77549399552de45a898a580c1b41d445bf730df867cc44e6c0233bbc4b8329de"
dependencies = [
 "rand_core 0.6.4",
]

[[package]]
name = "similar"
version = "3.2.0"
source = "registry+https://github.com/rust-lang/crates.io-index"
checksum = "4f66ca1f7aca2474dc10c942eb22feffc897735f54cd1db90138c2fddb490987"
dependencies = [
 "bstr",
]

[[package]]
name = "slab"
version = "0.4.12"
source = "registry+https://github.com/rust-lang/crates.io-index"
checksum = "0c790de23124f9ab44544d7ac05d60440adc586479ce501c1d6d7da3cd8c9cf5"

[[package]]
name = "spki"
version = "0.7.3"
source = "registry+https://github.com/rust-lang/crates.io-index"
checksum = "d91ed6c858b01f942cd56b37a94b3e0a1798290327d1236e4d9cf4eaca44d29d"
dependencies = [
 "base64ct",
 "der",
]

[[package]]
name = "subtle"
version = "2.6.1"
source = "registry+https://github.com/rust-lang/crates.io-index"
checksum = "13c2bddecc57b384dee18652358fb23172facb8a2c51ccc10d74c157bdea3292"

[[package]]
name = "syn"
version = "2.0.119"
source = "registry+https://github.com/rust-lang/crates.io-index"
checksum = "872831b642d1a07999a962a351ed35b955ea2cfc8f3862091e2a240a84f17297"
dependencies = [
 "proc-macro2",
 "quote",
 "unicode-ident",
]

[[package]]
name = "syn"
version = "3.0.6"
source = "registry+https://github.com/rust-lang/crates.io-index"
checksum = "8593e8e72159ed2257d083c7a454a85cbf854f37a0966d8d483aff8c8a3ebcee"
dependencies = [
 "proc-macro2",
 "quote",
 "unicode-ident",
]

[[package]]
name = "tempfile"
version = "3.27.0"
source = "registry+https://github.com/rust-lang/crates.io-index"
checksum = "32497e9a4c7b38532efcdebeef879707aa9f794296a4f0244f6f69e9bc8574bd"
dependencies = [
 "fastrand",
 "getrandom 0.4.3",
 "once_cell",
 "rustix",
 "windows-sys",
]

[[package]]
name = "thiserror"
version = "2.0.21"
source = "registry+https://github.com/rust-lang/crates.io-index"
checksum = "09e52cb86a36cede5cb101bf8908837b3e4c6e5e59fe7fd85c23fb56200d189e"
dependencies = [
 "thiserror-impl",
]

[[package]]
name = "thiserror-impl"
version = "2.0.21"
source = "registry+https://github.com/rust-lang/crates.io-index"
checksum = "fe5197923287db20a58125f0bc85c062f7f2c892de97b18c356f9efb14b28524"
dependencies = [
 "proc-macro2",
 "quote",
 "syn 3.0.6",
]

[[package]]
name = "toml"
version = "0.8.23"
source = "registry+https://github.com/rust-lang/crates.io-index"
checksum = "dc1beb996b9d83529a9e75c17a1686767d148d70663143c7854d8b4a09ced362"
dependencies = [
 "indexmap",
 "serde",
 "serde_spanned",
 "toml_datetime 0.6.11",
 "toml_edit 0.22.27",
]

[[package]]
name = "toml_datetime"
version = "0.6.11"
source = "registry+https://github.com/rust-lang/crates.io-index"
checksum = "22cddaf88f4fbc13c51aebbf5f8eceb5c7c5a9da2ac40a13519eb5b0a0e8f11c"
dependencies = [
 "serde",
]

[[package]]
name = "toml_datetime"
version = "1.1.1+spec-1.1.0"
source = "registry+https://github.com/rust-lang/crates.io-index"
checksum = "3165f65f62e28e0115a00b2ebdd37eb6f3b641855f9d636d3cd4103767159ad7"
dependencies = [
 "serde_core",
]

[[package]]
name = "toml_edit"
version = "0.22.27"
source = "registry+https://github.com/rust-lang/crates.io-index"
checksum = "41fe8c660ae4257887cf66394862d21dbca4a6ddd26f04a3560410406a2f819a"
dependencies = [
 "indexmap",
 "serde",
 "serde_spanned",
 "toml_datetime 0.6.11",
 "toml_write",
 "winnow 0.7.15",
]

[[package]]
name = "toml_edit"
version = "0.25.15+spec-1.1.0"
source = "registry+https://github.com/rust-lang/crates.io-index"
checksum = "1340ea94a5856333492c9064b02c778b191dd2c853778d9609debdcdfea3a614"
dependencies = [
 "indexmap",
 "toml_datetime 1.1.1+spec-1.1.0",
 "toml_parser",
 "winnow 1.0.4",
]

[[package]]
name = "toml_parser"
version = "1.1.3+spec-1.1.0"
source = "registry+https://github.com/rust-lang/crates.io-index"
checksum = "1d38ac1cf9b95face32296c0a3ede1fdc270627c9d9c02a7274dd6d960dc4d56"
dependencies = [
 "winnow 1.0.4",
]

[[package]]
name = "toml_write"
version = "0.1.2"
source = "registry+https://github.com/rust-lang/crates.io-index"
checksum = "5d99f8c9a7727884afe522e9bd5edbfc91a3312b36a77b5fb8926e4c31a41801"

[[package]]
name = "tracing"
version = "0.1.44"
source = "registry+https://github.com/rust-lang/crates.io-index"
checksum = "63e71662fa4b2a2c3a26f570f037eb95bb1f85397f3cd8076caed2f026a6d100"
dependencies = [
 "pin-project-lite",
 "tracing-attributes",
 "tracing-core",
]

[[package]]
name = "tracing-attributes"
version = "0.1.31"
source = "registry+https://github.com/rust-lang/crates.io-index"
checksum = "7490cfa5ec963746568740651ac6781f701c9c5ea257c58e057f3ba8cf69e8da"
dependencies = [
 "proc-macro2",
 "quote",
 "syn 2.0.119",
]

[[package]]
name = "tracing-core"
version = "0.1.36"
source = "registry+https://github.com/rust-lang/crates.io-index"
checksum = "db97caf9d906fbde555dd62fa95ddba9eecfd14cb388e4f491a66d74cd5fb79a"
dependencies = [
 "once_cell",
]

[[package]]
name = "typenum"
version = "1.20.1"
source = "registry+https://github.com/rust-lang/crates.io-index"
checksum = "b6f5e870be6c3b371b77fe0ee0bafb859fa4964b4404c27de1d380043c4dda20"

[[package]]
name = "uds_windows"
version = "1.2.1"
source = "registry+https://github.com/rust-lang/crates.io-index"
checksum = "f2f6fb2847f6742cd76af783a2a2c49e9375d0a111c7bef6f71cd9e738c72d6e"
dependencies = [
 "memoffset",
 "tempfile",
 "windows-sys",
]

[[package]]
name = "unicode-ident"
version = "1.0.26"
source = "registry+https://github.com/rust-lang/crates.io-index"
checksum = "d245f478577f809a851594d02313b640fb437e0bb33866753cff937863096954"

[[package]]
name = "universal-hash"
version = "0.5.1"
source = "registry+https://github.com/rust-lang/crates.io-index"
checksum = "fc1de2c688dc15305988b563c3854064043356019f97a4b46276fe734c4f07ea"
dependencies = [
 "crypto-common",
 "subtle",
]

[[package]]
name = "uuid"
version = "1.27.0"
source = "registry+https://github.com/rust-lang/crates.io-index"
checksum = "97277d36b9c3ace13e58fa6e753f8b0bbbf302a18dd193240d70f9e29681059a"
dependencies = [
 "js-sys",
 "serde_core",
 "wasm-bindgen",
]

[[package]]
name = "vahta-cli"
version = "0.0.0"
dependencies = [
 "dunce",
 "rpassword",
 "serde_json",
 "signal-hook",
 "vahta-daemon",
 "vahta-harness",
 "vahta-ipc",
 "vahta-os",
 "vahta-scan",
 "vahta-setup",
 "vahta-vault",
]

[[package]]
name = "vahta-daemon"
version = "0.0.0"
dependencies = [
 "dunce",
 "hmac",
 "serde",
 "serde_json",
 "sha2",
 "tempfile",
 "vahta-detect",
 "vahta-ipc",
 "vahta-os",
 "vahta-vault",
 "zbus",
 "zeroize",
]

[[package]]
name = "vahta-detect"
version = "0.0.0"

[[package]]
name = "vahta-harness"
version = "0.0.0"
dependencies = [
 "serde",
 "serde_json",
 "toml",
 "vahta-detect",
 "vahta-json",
]

[[package]]
name = "vahta-hook"
version = "0.0.0"
dependencies = [
 "dirs",
 "serde_json",
 "vahta-detect",
 "vahta-harness",
 "vahta-ipc",
 "vahta-json",
 "vahta-scan",
]

[[package]]
name = "vahta-ipc"
version = "0.0.0"
dependencies = [
 "dirs",
 "serde",
 "serde_json",
 "tempfile",
 "toml",
 "vahta-os",
 "zeroize",
]

[[package]]
name = "vahta-json"
version = "0.0.0"

[[package]]
name = "vahta-os"
version = "0.0.0"
dependencies = [
 "libc",
 "rustix",
 "windows-sys",
]

[[package]]
name = "vahta-scan"
version = "0.0.0"
dependencies = [
 "dunce",
 "vahta-detect",
 "vahta-json",
]

[[package]]
name = "vahta-setup"
version = "0.0.0"
dependencies = [
 "dunce",
 "serde_json",
 "similar",
 "vahta-harness",
]

[[package]]
name = "vahta-vault"
version = "0.0.0"
dependencies = [
 "argon2",
 "chacha20poly1305",
 "crypto_box",
 "crypto_secretbox",
 "dirs",
 "ed25519-dalek",
 "hkdf",
 "hmac",
 "hpke",
 "postcard",
 "rand_core 0.9.5",
 "serde",
 "sha2",
 "subtle",
 "tempfile",
 "toml",
 "toml_edit 0.22.27",
 "vahta-json",
 "vahta-vault",
 "zeroize",
]

[[package]]
name = "version_check"
version = "0.9.5"
source = "registry+https://github.com/rust-lang/crates.io-index"
checksum = "0b928f33d975fc6ad9f86c8f283853ad26bdd5b10b7f1542aa2fa15e2289105a"

[[package]]
name = "wasi"
version = "0.11.1+wasi-snapshot-preview1"
source = "registry+https://github.com/rust-lang/crates.io-index"
checksum = "ccf3ec651a847eb01de73ccad15eb7d99f80485de043efb2f370cd654f4ea44b"

[[package]]
name = "wasip2"
version = "1.0.4+wasi-0.2.12"
source = "registry+https://github.com/rust-lang/crates.io-index"
checksum = "b67efb37e106e55ce722a510d6b5f9c17f083e5fc79afc2badeb12cc313d9487"
dependencies = [
 "wit-bindgen",
]

[[package]]
name = "wasm-bindgen"
version = "0.2.129"
source = "registry+https://github.com/rust-lang/crates.io-index"
checksum = "9bb54f33acc68fd454578d9820b0bde1a1a3d17aa17bb7b6595806d02886d409"
dependencies = [
 "cfg-if",
 "once_cell",
 "rustversion",
 "wasm-bindgen-macro",
 "wasm-bindgen-shared",
]

[[package]]
name = "wasm-bindgen-macro"
version = "0.2.129"
source = "registry+https://github.com/rust-lang/crates.io-index"
checksum = "2e29d0c35b16e224a7eeb5cd2d25e3e1968fbd65604117b44d3b789d00ee8535"
dependencies = [
 "quote",
 "wasm-bindgen-macro-support",
]

[[package]]
name = "wasm-bindgen-macro-support"
version = "0.2.129"
source = "registry+https://github.com/rust-lang/crates.io-index"
checksum = "6f501a8bc3719dba86ef8ae4728879c08001bea749eb1333ac5b91e040e2a6b7"
dependencies = [
 "bumpalo",
 "proc-macro2",
 "quote",
 "syn 3.0.6",
 "wasm-bindgen-shared",
]

[[package]]
name = "wasm-bindgen-shared"
version = "0.2.129"
source = "registry+https://github.com/rust-lang/crates.io-index"
checksum = "23f0c9c52aa7cd7d77769a4cfe2a9adb1b331f489a41d912ce14513d5ab995c6"
dependencies = [
 "unicode-ident",
]

[[package]]
name = "windows-link"
version = "0.2.1"
source = "registry+https://github.com/rust-lang/crates.io-index"
checksum = "f0805222e57f7521d6a62e36fa9163bc891acd422f971defe97d64e70d0a4fe5"

[[package]]
name = "windows-sys"
version = "0.61.2"
source = "registry+https://github.com/rust-lang/crates.io-index"
checksum = "ae137229bcbd6cdf0f7b80a31df61766145077ddf49416a728b02cb3921ff3fc"
dependencies = [
 "windows-link",
]

[[package]]
name = "winnow"
version = "0.7.15"
source = "registry+https://github.com/rust-lang/crates.io-index"
checksum = "df79d97927682d2fd8adb29682d1140b343be4ac0f08fd68b7765d9c059d3945"
dependencies = [
 "memchr",
]

[[package]]
name = "winnow"
version = "1.0.4"
source = "registry+https://github.com/rust-lang/crates.io-index"
checksum = "23b97319f7b8343df12cc98938e5c3eb436064524c8d2b4e30a1d3a36eecdf81"
dependencies = [
 "memchr",
]

[[package]]
name = "wit-bindgen"
version = "0.57.1"
source = "registry+https://github.com/rust-lang/crates.io-index"
checksum = "1ebf944e87a7c253233ad6766e082e3cd714b5d03812acc24c318f549614536e"

[[package]]
name = "x25519-dalek"
version = "2.0.1"
source = "registry+https://github.com/rust-lang/crates.io-index"
checksum = "c7e468321c81fb07fa7f4c636c3972b9100f0346e5b6a9f2bd0603a52f7ed277"
dependencies = [
 "curve25519-dalek",
 "rand_core 0.6.4",
]

[[package]]
name = "zbus"
version = "5.19.0"
source = "registry+https://github.com/rust-lang/crates.io-index"
checksum = "5db4be7c075cb421e4b7ee645541604239bd243ba7c357511f4ff3a74b555907"
dependencies = [
 "async-broadcast",
 "async-executor",
 "async-io",
 "async-lock",
 "async-process",
 "async-recursion",
 "async-task",
 "async-trait",
 "blocking",
 "enumflags2",
 "event-listener",
 "futures-core",
 "futures-lite",
 "hex",
 "libc",
 "ordered-stream",
 "rustix",
 "serde",
 "serde_repr",
 "tracing",
 "uds_windows",
 "uuid",
 "windows-sys",
 "winnow 1.0.4",
 "zbus_macros",
 "zbus_names",
 "zvariant",
]

[[package]]
name = "zbus_macros"
version = "5.19.0"
source = "registry+https://github.com/rust-lang/crates.io-index"
checksum = "2990635d09ade6df1868f72f8cac69a876a90981e8bd3c40b1be413f8dc88f40"
dependencies = [
 "proc-macro-crate",
 "proc-macro2",
 "quote",
 "syn 3.0.6",
 "zbus_names",
 "zvariant",
 "zvariant_utils",
]

[[package]]
name = "zbus_names"
version = "4.3.4"
source = "registry+https://github.com/rust-lang/crates.io-index"
checksum = "d8bf88b4a3ff53e883001e0e0115b297a9d53c31b9c1edd2bfdd853e3428624e"
dependencies = [
 "serde",
 "winnow 1.0.4",
 "zvariant",
]

[[package]]
name = "zcheapstr"
version = "1.1.0"
source = "registry+https://github.com/rust-lang/crates.io-index"
checksum = "d1afec51604565183aeb5c54c20aeab286120d4e4460f7f76e3e8bb8c0d99473"
dependencies = [
 "serde",
]

[[package]]
name = "zeroize"
version = "1.9.0"
source = "registry+https://github.com/rust-lang/crates.io-index"
checksum = "e13c156562582aa81c60cb29407084cdb54c4164760106ab78e6c5b0858cf64e"
dependencies = [
 "zeroize_derive",
]

[[package]]
name = "zeroize_derive"
version = "1.5.0"
source = "registry+https://github.com/rust-lang/crates.io-index"
checksum = "3c50655cbb0fe3fc43170059e702f1ce5e19b84cec58dc87b037a09935c2f328"
dependencies = [
 "proc-macro2",
 "quote",
 "syn 2.0.119",
]

[[package]]
name = "zmij"
version = "1.0.23"
source = "registry+https://github.com/rust-lang/crates.io-index"
checksum = "29666d0abbfad1e3dc4dcf6144730dd3a3ab225bbbdac83319345b1b44ccfc1b"

[[package]]
name = "zvariant"
version = "5.15.0"
source = "registry+https://github.com/rust-lang/crates.io-index"
checksum = "c1d34c27cc6cdd1f458427519dd6b8612f7b7e3f7b9a0b2355d041dda9869147"
dependencies = [
 "endi",
 "enumflags2",
 "serde",
 "winnow 1.0.4",
 "zcheapstr",
 "zvariant_derive",
 "zvariant_utils",
]

[[package]]
name = "zvariant_derive"
version = "5.15.0"
source = "registry+https://github.com/rust-lang/crates.io-index"
checksum = "864155e69b4352db0c7f374917bf45d1e0c8d17659c8b3dbf9795f3673f8c497"
dependencies = [
 "proc-macro-crate",
 "proc-macro2",
 "quote",
 "syn 3.0.6",
 "zvariant_utils",
]

[[package]]
name = "zvariant_utils"
version = "4.2.0"
source = "registry+https://github.com/rust-lang/crates.io-index"
checksum = "bad0294361a320b694a328460dc73add56c306150f5cb6bfafc44446120008a3"
dependencies = [
 "proc-macro2",
 "quote",
 "serde",
 "syn 3.0.6",
 "winnow 1.0.4",
]
